
Microsoft Visual Studio Solution File, Format Version 12.00
# Visual Studio Version 17
VisualStudioVersion = 17.0.32112.339
MinimumVisualStudioVersion = 10.0.40219.1
Project("{9A19103F-16F7-4668-BE54-9A1E7A4F7556}") = "LLDuplicates", "LLDuplicates\LLDuplicates.csproj", "{7E55F6C1-D2B7-4E7A-A792-44204F47ACA3}"
EndProject
Project("{FAE04EC0-301F-11D3-BF4B-00C04F79EFBC}") = "LinkedListDuplicateTest", "LinkedListDuplicateTest\LinkedListDuplicateTest.csproj", "{ABA3AA5A-1883-43F7-B038-08A11A588BC2}"
EndProject
Global
	GlobalSection(SolutionConfigurationPlatforms) = preSolution
		Debug|Any CPU = Debug|Any CPU
		Release|Any CPU = Release|Any CPU
	EndGlobalSection
	GlobalSection(ProjectConfigurationPlatforms) = postSolution
		{7E55F6C1-D2B7-4E7A-A792-44204F47ACA3}.Debug|Any CPU.ActiveCfg = Debug|Any CPU
		{7E55F6C1-D2B7-4E7A-A792-44204F47ACA3}.Debug|Any CPU.Build.0 = Debug|Any CPU
		{7E55F6C1-D2B7-4E7A-A792-44204F47ACA3}.Release|Any CPU.ActiveCfg = Release|Any CPU
		{7E55F6C1-D2B7-4E7A-A792-44204F47ACA3}.Release|Any CPU.Build.0 = Release|Any CPU
		{ABA3AA5A-1883-43F7-B038-08A11A588BC2}.Debug|Any CPU.ActiveCfg = Debug|Any CPU
		{ABA3AA5A-1883-43F7-B038-08A11A588BC2}.Debug|Any CPU.Build.0 = Debug|Any CPU
		{ABA3AA5A-1883-43F7-B038-08A11A588BC2}.Release|Any CPU.ActiveCfg = Release|Any CPU
		{ABA3AA5A-1883-43F7-B038-08A11A588BC2}.Release|Any CPU.Build.0 = Release|Any CPU
	EndGlobalSection
	GlobalSection(SolutionProperties) = preSolution
		HideSolutionNode = FALSE
	EndGlobalSection
	GlobalSection(ExtensibilityGlobals) = postSolution
		SolutionGuid = {5824B7A1-03E3-4A4A-9405-0067E7E97D35}
	EndGlobalSection
EndGlobal
